// !$*UTF8*$!
{
	archiveVersion = 1;
	classes = {
	};
	objectVersion = 55;
	objects = {

/* Begin PBXBuildFile section */
		C717A0632828F5A9002FECD2 /* CameraExtension.swift in Sources */ = {isa = PBXBuildFile; fileRef = C717A0622828F5A9002FECD2 /* CameraExtension.swift */; };
		C717A0652828F6B7002FECD2 /* CameraController.swift in Sources */ = {isa = PBXBuildFile; fileRef = C717A0642828F6B7002FECD2 /* CameraController.swift */; };
		C717A06A2828FFED002FECD2 /* Kingfisher in Frameworks */ = {isa = PBXBuildFile; productRef = C717A0692828FFED002FECD2 /* Kingfisher */; };
		C717A06C282905EF002FECD2 /* TextfieldNombreExtension.swift in Sources */ = {isa = PBXBuildFile; fileRef = C717A06B282905EF002FECD2 /* TextfieldNombreExtension.swift */; };
		C717A06E2829072B002FECD2 /* TextFieldNumeroExtension.swift in Sources */ = {isa = PBXBuildFile; fileRef = C717A06D2829072B002FECD2 /* TextFieldNumeroExtension.swift */; };
		C7353F8828262398000E45EC /* AppDelegate.swift in Sources */ = {isa = PBXBuildFile; fileRef = C7353F8728262398000E45EC /* AppDelegate.swift */; };
		C7353F8A28262398000E45EC /* SceneDelegate.swift in Sources */ = {isa = PBXBuildFile; fileRef = C7353F8928262398000E45EC /* SceneDelegate.swift */; };
		C7353F8C28262398000E45EC /* HomeView.swift in Sources */ = {isa = PBXBuildFile; fileRef = C7353F8B28262398000E45EC /* HomeView.swift */; };
		C7353F8F28262398000E45EC /* Main.storyboard in Resources */ = {isa = PBXBuildFile; fileRef = C7353F8D28262398000E45EC /* Main.storyboard */; };
		C7353F9128262399000E45EC /* Assets.xcassets in Resources */ = {isa = PBXBuildFile; fileRef = C7353F9028262399000E45EC /* Assets.xcassets */; };
		C7353F9428262399000E45EC /* LaunchScreen.storyboard in Resources */ = {isa = PBXBuildFile; fileRef = C7353F9228262399000E45EC /* LaunchScreen.storyboard */; };
		C7353F9E282626F0000E45EC /* SelectionLists.swift in Sources */ = {isa = PBXBuildFile; fileRef = C7353F9D282626F0000E45EC /* SelectionLists.swift */; };
		C7353FA128262802000E45EC /* HomeTableViewExtension.swift in Sources */ = {isa = PBXBuildFile; fileRef = C7353FA028262802000E45EC /* HomeTableViewExtension.swift */; };
		C758D15C2828D33100BA4AA2 /* SelectedOptionsView.swift in Sources */ = {isa = PBXBuildFile; fileRef = C758D15B2828D33100BA4AA2 /* SelectedOptionsView.swift */; };
		C758D15E2828DAAA00BA4AA2 /* SelectedOptionTableExtension.swift in Sources */ = {isa = PBXBuildFile; fileRef = C758D15D2828DAAA00BA4AA2 /* SelectedOptionTableExtension.swift */; };
		C758D1622828DC3300BA4AA2 /* CamaraCell.swift in Sources */ = {isa = PBXBuildFile; fileRef = C758D1602828DC3300BA4AA2 /* CamaraCell.swift */; };
		C758D1632828DC3300BA4AA2 /* CamaraCell.xib in Resources */ = {isa = PBXBuildFile; fileRef = C758D1612828DC3300BA4AA2 /* CamaraCell.xib */; };
		C758D1672828DC7400BA4AA2 /* ColorFavoritoCell.swift in Sources */ = {isa = PBXBuildFile; fileRef = C758D1652828DC7400BA4AA2 /* ColorFavoritoCell.swift */; };
		C758D1682828DC7400BA4AA2 /* ColorFavoritoCell.xib in Resources */ = {isa = PBXBuildFile; fileRef = C758D1662828DC7400BA4AA2 /* ColorFavoritoCell.xib */; };
		C758D16B2828DCAD00BA4AA2 /* FechadeNacimientoCell.swift in Sources */ = {isa = PBXBuildFile; fileRef = C758D1692828DCAD00BA4AA2 /* FechadeNacimientoCell.swift */; };
		C758D16C2828DCAD00BA4AA2 /* FechadeNacimientoCell.xib in Resources */ = {isa = PBXBuildFile; fileRef = C758D16A2828DCAD00BA4AA2 /* FechadeNacimientoCell.xib */; };
		C758D16F2828DCCB00BA4AA2 /* FotoCell.swift in Sources */ = {isa = PBXBuildFile; fileRef = C758D16D2828DCCB00BA4AA2 /* FotoCell.swift */; };
		C758D1702828DCCB00BA4AA2 /* FotoCell.xib in Resources */ = {isa = PBXBuildFile; fileRef = C758D16E2828DCCB00BA4AA2 /* FotoCell.xib */; };
		C758D1732828DCF800BA4AA2 /* NombreCompletoCell.swift in Sources */ = {isa = PBXBuildFile; fileRef = C758D1712828DCF800BA4AA2 /* NombreCompletoCell.swift */; };
		C758D1742828DCF800BA4AA2 /* NombreCompletoCell.xib in Resources */ = {isa = PBXBuildFile; fileRef = C758D1722828DCF800BA4AA2 /* NombreCompletoCell.xib */; };
		C758D1772828DD2C00BA4AA2 /* NumeroTelefonicoCell.swift in Sources */ = {isa = PBXBuildFile; fileRef = C758D1752828DD2C00BA4AA2 /* NumeroTelefonicoCell.swift */; };
		C758D1782828DD2C00BA4AA2 /* NumeroTelefonicoCell.xib in Resources */ = {isa = PBXBuildFile; fileRef = C758D1762828DD2C00BA4AA2 /* NumeroTelefonicoCell.xib */; };
		C758D17B2828DD4700BA4AA2 /* SexoCell.swift in Sources */ = {isa = PBXBuildFile; fileRef = C758D1792828DD4700BA4AA2 /* SexoCell.swift */; };
		C758D17C2828DD4700BA4AA2 /* SexoCell.xib in Resources */ = {isa = PBXBuildFile; fileRef = C758D17A2828DD4700BA4AA2 /* SexoCell.xib */; };
		C758D17E2828E95100BA4AA2 /* ColorTableExtension.swift in Sources */ = {isa = PBXBuildFile; fileRef = C758D17D2828E95100BA4AA2 /* ColorTableExtension.swift */; };
		C758D1802828EBEF00BA4AA2 /* SexoTableExtension.swift in Sources */ = {isa = PBXBuildFile; fileRef = C758D17F2828EBEF00BA4AA2 /* SexoTableExtension.swift */; };
/* End PBXBuildFile section */

/* Begin PBXFileReference section */
		C717A0622828F5A9002FECD2 /* CameraExtension.swift */ = {isa = PBXFileReference; lastKnownFileType = sourcecode.swift; path = CameraExtension.swift; sourceTree = "<group>"; };
		C717A0642828F6B7002FECD2 /* CameraController.swift */ = {isa = PBXFileReference; lastKnownFileType = sourcecode.swift; path = CameraController.swift; sourceTree = "<group>"; };
		C717A06B282905EF002FECD2 /* TextfieldNombreExtension.swift */ = {isa = PBXFileReference; lastKnownFileType = sourcecode.swift; path = TextfieldNombreExtension.swift; sourceTree = "<group>"; };
		C717A06D2829072B002FECD2 /* TextFieldNumeroExtension.swift */ = {isa = PBXFileReference; lastKnownFileType = sourcecode.swift; path = TextFieldNumeroExtension.swift; sourceTree = "<group>"; };
		C7353F8428262398000E45EC /* PruebaiOS.app */ = {isa = PBXFileReference; explicitFileType = wrapper.application; includeInIndex = 0; path = PruebaiOS.app; sourceTree = BUILT_PRODUCTS_DIR; };
		C7353F8728262398000E45EC /* AppDelegate.swift */ = {isa = PBXFileReference; lastKnownFileType = sourcecode.swift; path = AppDelegate.swift; sourceTree = "<group>"; };
		C7353F8928262398000E45EC /* SceneDelegate.swift */ = {isa = PBXFileReference; lastKnownFileType = sourcecode.swift; path = SceneDelegate.swift; sourceTree = "<group>"; };
		C7353F8B28262398000E45EC /* HomeView.swift */ = {isa = PBXFileReference; lastKnownFileType = sourcecode.swift; path = HomeView.swift; sourceTree = "<group>"; };
		C7353F8E28262398000E45EC /* Base */ = {isa = PBXFileReference; lastKnownFileType = file.storyboard; name = Base; path = Base.lproj/Main.storyboard; sourceTree = "<group>"; };
		C7353F9028262399000E45EC /* Assets.xcassets */ = {isa = PBXFileReference; lastKnownFileType = folder.assetcatalog; path = Assets.xcassets; sourceTree = "<group>"; };
		C7353F9328262399000E45EC /* Base */ = {isa = PBXFileReference; lastKnownFileType = file.storyboard; name = Base; path = Base.lproj/LaunchScreen.storyboard; sourceTree = "<group>"; };
		C7353F9528262399000E45EC /* Info.plist */ = {isa = PBXFileReference; lastKnownFileType = text.plist.xml; path = Info.plist; sourceTree = "<group>"; };
		C7353F9D282626F0000E45EC /* SelectionLists.swift */ = {isa = PBXFileReference; lastKnownFileType = sourcecode.swift; path = SelectionLists.swift; sourceTree = "<group>"; };
		C7353FA028262802000E45EC /* HomeTableViewExtension.swift */ = {isa = PBXFileReference; lastKnownFileType = sourcecode.swift; path = HomeTableViewExtension.swift; sourceTree = "<group>"; };
		C758D15B2828D33100BA4AA2 /* SelectedOptionsView.swift */ = {isa = PBXFileReference; lastKnownFileType = sourcecode.swift; path = SelectedOptionsView.swift; sourceTree = "<group>"; };
		C758D15D2828DAAA00BA4AA2 /* SelectedOptionTableExtension.swift */ = {isa = PBXFileReference; lastKnownFileType = sourcecode.swift; path = SelectedOptionTableExtension.swift; sourceTree = "<group>"; };
		C758D1602828DC3300BA4AA2 /* CamaraCell.swift */ = {isa = PBXFileReference; lastKnownFileType = sourcecode.swift; path = CamaraCell.swift; sourceTree = "<group>"; };
		C758D1612828DC3300BA4AA2 /* CamaraCell.xib */ = {isa = PBXFileReference; lastKnownFileType = file.xib; path = CamaraCell.xib; sourceTree = "<group>"; };
		C758D1652828DC7400BA4AA2 /* ColorFavoritoCell.swift */ = {isa = PBXFileReference; lastKnownFileType = sourcecode.swift; path = ColorFavoritoCell.swift; sourceTree = "<group>"; };
		C758D1662828DC7400BA4AA2 /* ColorFavoritoCell.xib */ = {isa = PBXFileReference; lastKnownFileType = file.xib; path = ColorFavoritoCell.xib; sourceTree = "<group>"; };
		C758D1692828DCAD00BA4AA2 /* FechadeNacimientoCell.swift */ = {isa = PBXFileReference; lastKnownFileType = sourcecode.swift; path = FechadeNacimientoCell.swift; sourceTree = "<group>"; };
		C758D16A2828DCAD00BA4AA2 /* FechadeNacimientoCell.xib */ = {isa = PBXFileReference; lastKnownFileType = file.xib; path = FechadeNacimientoCell.xib; sourceTree = "<group>"; };
		C758D16D2828DCCB00BA4AA2 /* FotoCell.swift */ = {isa = PBXFileReference; lastKnownFileType = sourcecode.swift; path = FotoCell.swift; sourceTree = "<group>"; };
		C758D16E2828DCCB00BA4AA2 /* FotoCell.xib */ = {isa = PBXFileReference; lastKnownFileType = file.xib; path = FotoCell.xib; sourceTree = "<group>"; };
		C758D1712828DCF800BA4AA2 /* NombreCompletoCell.swift */ = {isa = PBXFileReference; lastKnownFileType = sourcecode.swift; path = NombreCompletoCell.swift; sourceTree = "<group>"; };
		C758D1722828DCF800BA4AA2 /* NombreCompletoCell.xib */ = {isa = PBXFileReference; lastKnownFileType = file.xib; path = NombreCompletoCell.xib; sourceTree = "<group>"; };
		C758D1752828DD2C00BA4AA2 /* NumeroTelefonicoCell.swift */ = {isa = PBXFileReference; lastKnownFileType = sourcecode.swift; path = NumeroTelefonicoCell.swift; sourceTree = "<group>"; };
		C758D1762828DD2C00BA4AA2 /* NumeroTelefonicoCell.xib */ = {isa = PBXFileReference; lastKnownFileType = file.xib; path = NumeroTelefonicoCell.xib; sourceTree = "<group>"; };
		C758D1792828DD4700BA4AA2 /* SexoCell.swift */ = {isa = PBXFileReference; lastKnownFileType = sourcecode.swift; path = SexoCell.swift; sourceTree = "<group>"; };
		C758D17A2828DD4700BA4AA2 /* SexoCell.xib */ = {isa = PBXFileReference; lastKnownFileType = file.xib; path = SexoCell.xib; sourceTree = "<group>"; };
		C758D17D2828E95100BA4AA2 /* ColorTableExtension.swift */ = {isa = PBXFileReference; lastKnownFileType = sourcecode.swift; path = ColorTableExtension.swift; sourceTree = "<group>"; };
		C758D17F2828EBEF00BA4AA2 /* SexoTableExtension.swift */ = {isa = PBXFileReference; lastKnownFileType = sourcecode.swift; path = SexoTableExtension.swift; sourceTree = "<group>"; };
/* End PBXFileReference section */

/* Begin PBXFrameworksBuildPhase section */
		C7353F8128262398000E45EC /* Frameworks */ = {
			isa = PBXFrameworksBuildPhase;
			buildActionMask = 2147483647;
			files = (
				C717A06A2828FFED002FECD2 /* Kingfisher in Frameworks */,
			);
			runOnlyForDeploymentPostprocessing = 0;
		};
/* End PBXFrameworksBuildPhase section */

/* Begin PBXGroup section */
		C7353F7B28262398000E45EC = {
			isa = PBXGroup;
			children = (
				C7353F8628262398000E45EC /* PruebaiOS */,
				C7353F8528262398000E45EC /* Products */,
			);
			sourceTree = "<group>";
		};
		C7353F8528262398000E45EC /* Products */ = {
			isa = PBXGroup;
			children = (
				C7353F8428262398000E45EC /* PruebaiOS.app */,
			);
			name = Products;
			sourceTree = "<group>";
		};
		C7353F8628262398000E45EC /* PruebaiOS */ = {
			isa = PBXGroup;
			children = (
				C7353F8728262398000E45EC /* AppDelegate.swift */,
				C7353F8928262398000E45EC /* SceneDelegate.swift */,
				C7353F9D282626F0000E45EC /* SelectionLists.swift */,
				C7353F9F282627E2000E45EC /* Extensions */,
				C7353F9C282623DB000E45EC /* ViewControllers */,
				C7353F9B282623C1000E45EC /* XIBs */,
				C7353F9028262399000E45EC /* Assets.xcassets */,
				C7353F9528262399000E45EC /* Info.plist */,
			);
			path = PruebaiOS;
			sourceTree = "<group>";
		};
		C7353F9B282623C1000E45EC /* XIBs */ = {
			isa = PBXGroup;
			children = (
				C758D15F2828DBEE00BA4AA2 /* SelectedTableCells */,
				C7353F8D28262398000E45EC /* Main.storyboard */,
				C7353F9228262399000E45EC /* LaunchScreen.storyboard */,
			);
			path = XIBs;
			sourceTree = "<group>";
		};
		C7353F9C282623DB000E45EC /* ViewControllers */ = {
			isa = PBXGroup;
			children = (
				C758D1642828DC3C00BA4AA2 /* SelectedTableCells */,
				C7353F8B28262398000E45EC /* HomeView.swift */,
				C758D15B2828D33100BA4AA2 /* SelectedOptionsView.swift */,
				C717A0642828F6B7002FECD2 /* CameraController.swift */,
			);
			path = ViewControllers;
			sourceTree = "<group>";
		};
		C7353F9F282627E2000E45EC /* Extensions */ = {
			isa = PBXGroup;
			children = (
				C7353FA028262802000E45EC /* HomeTableViewExtension.swift */,
				C758D15D2828DAAA00BA4AA2 /* SelectedOptionTableExtension.swift */,
				C758D17D2828E95100BA4AA2 /* ColorTableExtension.swift */,
				C758D17F2828EBEF00BA4AA2 /* SexoTableExtension.swift */,
				C717A0622828F5A9002FECD2 /* CameraExtension.swift */,
				C717A06B282905EF002FECD2 /* TextfieldNombreExtension.swift */,
				C717A06D2829072B002FECD2 /* TextFieldNumeroExtension.swift */,
			);
			path = Extensions;
			sourceTree = "<group>";
		};
		C758D15F2828DBEE00BA4AA2 /* SelectedTableCells */ = {
			isa = PBXGroup;
			children = (
				C758D1612828DC3300BA4AA2 /* CamaraCell.xib */,
				C758D1662828DC7400BA4AA2 /* ColorFavoritoCell.xib */,
				C758D16A2828DCAD00BA4AA2 /* FechadeNacimientoCell.xib */,
				C758D16E2828DCCB00BA4AA2 /* FotoCell.xib */,
				C758D1722828DCF800BA4AA2 /* NombreCompletoCell.xib */,
				C758D1762828DD2C00BA4AA2 /* NumeroTelefonicoCell.xib */,
				C758D17A2828DD4700BA4AA2 /* SexoCell.xib */,
			);
			path = SelectedTableCells;
			sourceTree = "<group>";
		};
		C758D1642828DC3C00BA4AA2 /* SelectedTableCells */ = {
			isa = PBXGroup;
			children = (
				C758D1602828DC3300BA4AA2 /* CamaraCell.swift */,
				C758D1652828DC7400BA4AA2 /* ColorFavoritoCell.swift */,
				C758D1692828DCAD00BA4AA2 /* FechadeNacimientoCell.swift */,
				C758D16D2828DCCB00BA4AA2 /* FotoCell.swift */,
				C758D1712828DCF800BA4AA2 /* NombreCompletoCell.swift */,
				C758D1752828DD2C00BA4AA2 /* NumeroTelefonicoCell.swift */,
				C758D1792828DD4700BA4AA2 /* SexoCell.swift */,
			);
			path = SelectedTableCells;
			sourceTree = "<group>";
		};
/* End PBXGroup section */

/* Begin PBXNativeTarget section */
		C7353F8328262398000E45EC /* PruebaiOS */ = {
			isa = PBXNativeTarget;
			buildConfigurationList = C7353F9828262399000E45EC /* Build configuration list for PBXNativeTarget "PruebaiOS" */;
			buildPhases = (
				C7353F8028262398000E45EC /* Sources */,
				C7353F8128262398000E45EC /* Frameworks */,
				C7353F8228262398000E45EC /* Resources */,
			);
			buildRules = (
			);
			dependencies = (
			);
			name = PruebaiOS;
			packageProductDependencies = (
				C717A0692828FFED002FECD2 /* Kingfisher */,
			);
			productName = PruebaiOS;
			productReference = C7353F8428262398000E45EC /* PruebaiOS.app */;
			productType = "com.apple.product-type.application";
		};
/* End PBXNativeTarget section */

/* Begin PBXProject section */
		C7353F7C28262398000E45EC /* Project object */ = {
			isa = PBXProject;
			attributes = {
				BuildIndependentTargetsInParallel = 1;
				LastSwiftUpdateCheck = 1330;
				LastUpgradeCheck = 1330;
				TargetAttributes = {
					C7353F8328262398000E45EC = {
						CreatedOnToolsVersion = 13.3.1;
					};
				};
			};
			buildConfigurationList = C7353F7F28262398000E45EC /* Build configuration list for PBXProject "PruebaiOS" */;
			compatibilityVersion = "Xcode 13.0";
			developmentRegion = en;
			hasScannedForEncodings = 0;
			knownRegions = (
				en,
				Base,
			);
			mainGroup = C7353F7B28262398000E45EC;
			packageReferences = (
				C717A0682828FFED002FECD2 /* XCRemoteSwiftPackageReference "Kingfisher" */,
			);
			productRefGroup = C7353F8528262398000E45EC /* Products */;
			projectDirPath = "";
			projectRoot = "";
			targets = (
				C7353F8328262398000E45EC /* PruebaiOS */,
			);
		};
/* End PBXProject section */

/* Begin PBXResourcesBuildPhase section */
		C7353F8228262398000E45EC /* Resources */ = {
			isa = PBXResourcesBuildPhase;
			buildActionMask = 2147483647;
			files = (
				C758D1682828DC7400BA4AA2 /* ColorFavoritoCell.xib in Resources */,
				C758D1782828DD2C00BA4AA2 /* NumeroTelefonicoCell.xib in Resources */,
				C758D1632828DC3300BA4AA2 /* CamaraCell.xib in Resources */,
				C758D1702828DCCB00BA4AA2 /* FotoCell.xib in Resources */,
				C758D17C2828DD4700BA4AA2 /* SexoCell.xib in Resources */,
				C7353F9428262399000E45EC /* LaunchScreen.storyboard in Resources */,
				C7353F9128262399000E45EC /* Assets.xcassets in Resources */,
				C758D1742828DCF800BA4AA2 /* NombreCompletoCell.xib in Resources */,
				C7353F8F28262398000E45EC /* Main.storyboard in Resources */,
				C758D16C2828DCAD00BA4AA2 /* FechadeNacimientoCell.xib in Resources */,
			);
			runOnlyForDeploymentPostprocessing = 0;
		};
/* End PBXResourcesBuildPhase section */

/* Begin PBXSourcesBuildPhase section */
		C7353F8028262398000E45EC /* Sources */ = {
			isa = PBXSourcesBuildPhase;
			buildActionMask = 2147483647;
			files = (
				C717A0652828F6B7002FECD2 /* CameraController.swift in Sources */,
				C758D17B2828DD4700BA4AA2 /* SexoCell.swift in Sources */,
				C758D1622828DC3300BA4AA2 /* CamaraCell.swift in Sources */,
				C758D1732828DCF800BA4AA2 /* NombreCompletoCell.swift in Sources */,
				C717A0632828F5A9002FECD2 /* CameraExtension.swift in Sources */,
				C717A06E2829072B002FECD2 /* TextFieldNumeroExtension.swift in Sources */,
				C7353FA128262802000E45EC /* HomeTableViewExtension.swift in Sources */,
				C758D15E2828DAAA00BA4AA2 /* SelectedOptionTableExtension.swift in Sources */,
				C758D16F2828DCCB00BA4AA2 /* FotoCell.swift in Sources */,
				C7353F9E282626F0000E45EC /* SelectionLists.swift in Sources */,
				C758D1802828EBEF00BA4AA2 /* SexoTableExtension.swift in Sources */,
				C758D1772828DD2C00BA4AA2 /* NumeroTelefonicoCell.swift in Sources */,
				C758D1672828DC7400BA4AA2 /* ColorFavoritoCell.swift in Sources */,
				C758D17E2828E95100BA4AA2 /* ColorTableExtension.swift in Sources */,
				C7353F8C28262398000E45EC /* HomeView.swift in Sources */,
				C7353F8828262398000E45EC /* AppDelegate.swift in Sources */,
				C758D16B2828DCAD00BA4AA2 /* FechadeNacimientoCell.swift in Sources */,
				C758D15C2828D33100BA4AA2 /* SelectedOptionsView.swift in Sources */,
				C717A06C282905EF002FECD2 /* TextfieldNombreExtension.swift in Sources */,
				C7353F8A28262398000E45EC /* SceneDelegate.swift in Sources */,
			);
			runOnlyForDeploymentPostprocessing = 0;
		};
/* End PBXSourcesBuildPhase section */

/* Begin PBXVariantGroup section */
		C7353F8D28262398000E45EC /* Main.storyboard */ = {
			isa = PBXVariantGroup;
			children = (
				C7353F8E28262398000E45EC /* Base */,
			);
			name = Main.storyboard;
			sourceTree = "<group>";
		};
		C7353F9228262399000E45EC /* LaunchScreen.storyboard */ = {
			isa = PBXVariantGroup;
			children = (
				C7353F9328262399000E45EC /* Base */,
			);
			name = LaunchScreen.storyboard;
			sourceTree = "<group>";
		};
/* End PBXVariantGroup section */

/* Begin XCBuildConfiguration section */
		C7353F9628262399000E45EC /* Debug */ = {
			isa = XCBuildConfiguration;
			buildSettings = {
				ALWAYS_SEARCH_USER_PATHS = NO;
				CLANG_ANALYZER_NONNULL = YES;
				CLANG_ANALYZER_NUMBER_OBJECT_CONVERSION = YES_AGGRESSIVE;
				CLANG_CXX_LANGUAGE_STANDARD = "gnu++17";
				CLANG_ENABLE_MODULES = YES;
				CLANG_ENABLE_OBJC_ARC = YES;
				CLANG_ENABLE_OBJC_WEAK = YES;
				CLANG_WARN_BLOCK_CAPTURE_AUTORELEASING = YES;
				CLANG_WARN_BOOL_CONVERSION = YES;
				CLANG_WARN_COMMA = YES;
				CLANG_WARN_CONSTANT_CONVERSION = YES;
				CLANG_WARN_DEPRECATED_OBJC_IMPLEMENTATIONS = YES;
				CLANG_WARN_DIRECT_OBJC_ISA_USAGE = YES_ERROR;
				CLANG_WARN_DOCUMENTATION_COMMENTS = YES;
				CLANG_WARN_EMPTY_BODY = YES;
				CLANG_WARN_ENUM_CONVERSION = YES;
				CLANG_WARN_INFINITE_RECURSION = YES;
				CLANG_WARN_INT_CONVERSION = YES;
				CLANG_WARN_NON_LITERAL_NULL_CONVERSION = YES;
				CLANG_WARN_OBJC_IMPLICIT_RETAIN_SELF = YES;
				CLANG_WARN_OBJC_LITERAL_CONVERSION = YES;
				CLANG_WARN_OBJC_ROOT_CLASS = YES_ERROR;
				CLANG_WARN_QUOTED_INCLUDE_IN_FRAMEWORK_HEADER = YES;
				CLANG_WARN_RANGE_LOOP_ANALYSIS = YES;
				CLANG_WARN_STRICT_PROTOTYPES = YES;
				CLANG_WARN_SUSPICIOUS_MOVE = YES;
				CLANG_WARN_UNGUARDED_AVAILABILITY = YES_AGGRESSIVE;
				CLANG_WARN_UNREACHABLE_CODE = YES;
				CLANG_WARN__DUPLICATE_METHOD_MATCH = YES;
				COPY_PHASE_STRIP = NO;
				DEBUG_INFORMATION_FORMAT = dwarf;
				ENABLE_STRICT_OBJC_MSGSEND = YES;
				ENABLE_TESTABILITY = YES;
				GCC_C_LANGUAGE_STANDARD = gnu11;
				GCC_DYNAMIC_NO_PIC = NO;
				GCC_NO_COMMON_BLOCKS = YES;
				GCC_OPTIMIZATION_LEVEL = 0;
				GCC_PREPROCESSOR_DEFINITIONS = (
					"DEBUG=1",
					"$(inherited)",
				);
				GCC_WARN_64_TO_32_BIT_CONVERSION = YES;
				GCC_WARN_ABOUT_RETURN_TYPE = YES_ERROR;
				GCC_WARN_UNDECLARED_SELECTOR = YES;
				GCC_WARN_UNINITIALIZED_AUTOS = YES_AGGRESSIVE;
				GCC_WARN_UNUSED_FUNCTION = YES;
				GCC_WARN_UNUSED_VARIABLE = YES;
				IPHONEOS_DEPLOYMENT_TARGET = 15.4;
				MTL_ENABLE_DEBUG_INFO = INCLUDE_SOURCE;
				MTL_FAST_MATH = YES;
				ONLY_ACTIVE_ARCH = YES;
				SDKROOT = iphoneos;
				SWIFT_ACTIVE_COMPILATION_CONDITIONS = DEBUG;
				SWIFT_OPTIMIZATION_LEVEL = "-Onone";
			};
			name = Debug;
		};
		C7353F9728262399000E45EC /* Release */ = {
			isa = XCBuildConfiguration;
			buildSettings = {
				ALWAYS_SEARCH_USER_PATHS = NO;
				CLANG_ANALYZER_NONNULL = YES;
				CLANG_ANALYZER_NUMBER_OBJECT_CONVERSION = YES_AGGRESSIVE;
				CLANG_CXX_LANGUAGE_STANDARD = "gnu++17";
				CLANG_ENABLE_MODULES = YES;
				CLANG_ENABLE_OBJC_ARC = YES;
				CLANG_ENABLE_OBJC_WEAK = YES;
				CLANG_WARN_BLOCK_CAPTURE_AUTORELEASING = YES;
				CLANG_WARN_BOOL_CONVERSION = YES;
				CLANG_WARN_COMMA = YES;
				CLANG_WARN_CONSTANT_CONVERSION = YES;
				CLANG_WARN_DEPRECATED_OBJC_IMPLEMENTATIONS = YES;
				CLANG_WARN_DIRECT_OBJC_ISA_USAGE = YES_ERROR;
				CLANG_WARN_DOCUMENTATION_COMMENTS = YES;
				CLANG_WARN_EMPTY_BODY = YES;
				CLANG_WARN_ENUM_CONVERSION = YES;
				CLANG_WARN_INFINITE_RECURSION = YES;
				CLANG_WARN_INT_CONVERSION = YES;
				CLANG_WARN_NON_LITERAL_NULL_CONVERSION = YES;
				CLANG_WARN_OBJC_IMPLICIT_RETAIN_SELF = YES;
				CLANG_WARN_OBJC_LITERAL_CONVERSION = YES;
				CLANG_WARN_OBJC_ROOT_CLASS = YES_ERROR;
				CLANG_WARN_QUOTED_INCLUDE_IN_FRAMEWORK_HEADER = YES;
				CLANG_WARN_RANGE_LOOP_ANALYSIS = YES;
				CLANG_WARN_STRICT_PROTOTYPES = YES;
				CLANG_WARN_SUSPICIOUS_MOVE = YES;
				CLANG_WARN_UNGUARDED_AVAILABILITY = YES_AGGRESSIVE;
				CLANG_WARN_UNREACHABLE_CODE = YES;
				CLANG_WARN__DUPLICATE_METHOD_MATCH = YES;
				COPY_PHASE_STRIP = NO;
				DEBUG_INFORMATION_FORMAT = "dwarf-with-dsym";
				ENABLE_NS_ASSERTIONS = NO;
				ENABLE_STRICT_OBJC_MSGSEND = YES;
				GCC_C_LANGUAGE_STANDARD = gnu11;
				GCC_NO_COMMON_BLOCKS = YES;
				GCC_WARN_64_TO_32_BIT_CONVERSION = YES;
				GCC_WARN_ABOUT_RETURN_TYPE = YES_ERROR;
				GCC_WARN_UNDECLARED_SELECTOR = YES;
				GCC_WARN_UNINITIALIZED_AUTOS = YES_AGGRESSIVE;
				GCC_WARN_UNUSED_FUNCTION = YES;
				GCC_WARN_UNUSED_VARIABLE = YES;
				IPHONEOS_DEPLOYMENT_TARGET = 15.4;
				MTL_ENABLE_DEBUG_INFO = NO;
				MTL_FAST_MATH = YES;
				SDKROOT = iphoneos;
				SWIFT_COMPILATION_MODE = wholemodule;
				SWIFT_OPTIMIZATION_LEVEL = "-O";
				VALIDATE_PRODUCT = YES;
			};
			name = Release;
		};
		C7353F9928262399000E45EC /* Debug */ = {
			isa = XCBuildConfiguration;
			buildSettings = {
				ASSETCATALOG_COMPILER_APPICON_NAME = AppIcon;
				ASSETCATALOG_COMPILER_GLOBAL_ACCENT_COLOR_NAME = AccentColor;
				CODE_SIGN_STYLE = Automatic;
				CURRENT_PROJECT_VERSION = 1;
				DEVELOPMENT_TEAM = 449XCN3X7T;
				GENERATE_INFOPLIST_FILE = YES;
				INFOPLIST_FILE = PruebaiOS/Info.plist;
				INFOPLIST_KEY_NSCameraUsageDescription = "Take fotos";
				INFOPLIST_KEY_UIApplicationSupportsIndirectInputEvents = YES;
				INFOPLIST_KEY_UILaunchStoryboardName = LaunchScreen;
				INFOPLIST_KEY_UIMainStoryboardFile = Main;
				INFOPLIST_KEY_UISupportedInterfaceOrientations_iPad = "UIInterfaceOrientationPortrait UIInterfaceOrientationPortraitUpsideDown UIInterfaceOrientationLandscapeLeft UIInterfaceOrientationLandscapeRight";
				INFOPLIST_KEY_UISupportedInterfaceOrientations_iPhone = "UIInterfaceOrientationPortrait UIInterfaceOrientationLandscapeLeft UIInterfaceOrientationLandscapeRight";
				LD_RUNPATH_SEARCH_PATHS = (
					"$(inherited)",
					"@executable_path/Frameworks",
				);
				MARKETING_VERSION = 1.0;
				PRODUCT_BUNDLE_IDENTIFIER = org.jonathangracia.PruebaiOS;
				PRODUCT_NAME = "$(TARGET_NAME)";
				SWIFT_EMIT_LOC_STRINGS = YES;
				SWIFT_VERSION = 5.0;
				TARGETED_DEVICE_FAMILY = "1,2";
			};
			name = Debug;
		};
		C7353F9A28262399000E45EC /* Release */ = {
			isa = XCBuildConfiguration;
			buildSettings = {
				ASSETCATALOG_COMPILER_APPICON_NAME = AppIcon;
				ASSETCATALOG_COMPILER_GLOBAL_ACCENT_COLOR_NAME = AccentColor;
				CODE_SIGN_STYLE = Automatic;
				CURRENT_PROJECT_VERSION = 1;
				DEVELOPMENT_TEAM = 449XCN3X7T;
				GENERATE_INFOPLIST_FILE = YES;
				INFOPLIST_FILE = PruebaiOS/Info.plist;
				INFOPLIST_KEY_NSCameraUsageDescription = "Take fotos";
				INFOPLIST_KEY_UIApplicationSupportsIndirectInputEvents = YES;
				INFOPLIST_KEY_UILaunchStoryboardName = LaunchScreen;
				INFOPLIST_KEY_UIMainStoryboardFile = Main;
				INFOPLIST_KEY_UISupportedInterfaceOrientations_iPad = "UIInterfaceOrientationPortrait UIInterfaceOrientationPortraitUpsideDown UIInterfaceOrientationLandscapeLeft UIInterfaceOrientationLandscapeRight";
				INFOPLIST_KEY_UISupportedInterfaceOrientations_iPhone = "UIInterfaceOrientationPortrait UIInterfaceOrientationLandscapeLeft UIInterfaceOrientationLandscapeRight";
				LD_RUNPATH_SEARCH_PATHS = (
					"$(inherited)",
					"@executable_path/Frameworks",
				);
				MARKETING_VERSION = 1.0;
				PRODUCT_BUNDLE_IDENTIFIER = org.jonathangracia.PruebaiOS;
				PRODUCT_NAME = "$(TARGET_NAME)";
				SWIFT_EMIT_LOC_STRINGS = YES;
				SWIFT_VERSION = 5.0;
				TARGETED_DEVICE_FAMILY = "1,2";
			};
			name = Release;
		};
/* End XCBuildConfiguration section */

/* Begin XCConfigurationList section */
		C7353F7F28262398000E45EC /* Build configuration list for PBXProject "PruebaiOS" */ = {
			isa = XCConfigurationList;
			buildConfigurations = (
				C7353F9628262399000E45EC /* Debug */,
				C7353F9728262399000E45EC /* Release */,
			);
			defaultConfigurationIsVisible = 0;
			defaultConfigurationName = Release;
		};
		C7353F9828262399000E45EC /* Build configuration list for PBXNativeTarget "PruebaiOS" */ = {
			isa = XCConfigurationList;
			buildConfigurations = (
				C7353F9928262399000E45EC /* Debug */,
				C7353F9A28262399000E45EC /* Release */,
			);
			defaultConfigurationIsVisible = 0;
			defaultConfigurationName = Release;
		};
/* End XCConfigurationList section */

/* Begin XCRemoteSwiftPackageReference section */
		C717A0682828FFED002FECD2 /* XCRemoteSwiftPackageReference "Kingfisher" */ = {
			isa = XCRemoteSwiftPackageReference;
			repositoryURL = "https://github.com/onevcat/Kingfisher.git";
			requirement = {
				branch = master;
				kind = branch;
			};
		};
/* End XCRemoteSwiftPackageReference section */

/* Begin XCSwiftPackageProductDependency section */
		C717A0692828FFED002FECD2 /* Kingfisher */ = {
			isa = XCSwiftPackageProductDependency;
			package = C717A0682828FFED002FECD2 /* XCRemoteSwiftPackageReference "Kingfisher" */;
			productName = Kingfisher;
		};
/* End XCSwiftPackageProductDependency section */
	};
	rootObject = C7353F7C28262398000E45EC /* Project object */;
}
